# THIS IS AN AUTOGENERATED FILE. DO NOT EDIT THIS FILE DIRECTLY.
# yarn lockfile v1


"@types/google-apps-script@^1.0.22":
  version "1.0.22"
  resolved "https://registry.yarnpkg.com/@types/google-apps-script/-/google-apps-script-1.0.22.tgz#cda9d64a3df70306c7f780fc95f6a825472dc283"
  integrity sha512-PkzCcQfwe2UnNKg3GukrWnMeECt5XulIk0ONc6rZRgMroMs68KS673xQm0OK1ZhfNlfx+zCr3FK6QmCFi0kJQQ==

ts-transformer-keys@^0.4.3:
  version "0.4.3"
  resolved "https://registry.yarnpkg.com/ts-transformer-keys/-/ts-transformer-keys-0.4.3.tgz#d62389a40f430c00ef98fb9575fb6778a196e3ed"
  integrity sha512-pOTLlet1SnAvhKNr9tMAFwuv5283OkUNiq1fXTEK+vrSv+kxU3e2Ijr/UkqyX2vuMmvcNHdpXC31hob7ljH//g==
